// !$*UTF8*$!
{
	archiveVersion = 1;
	classes = {
	};
	objectVersion = 56;
	objects = {

/* Begin PBXBuildFile section */
		350964812A615B04006DFFFB /* Constants.swift in Sources */ = {isa = PBXBuildFile; fileRef = 350964802A615B04006DFFFB /* Constants.swift */; };
		350964862A633049006DFFFB /* LayerSettingsView.swift in Sources */ = {isa = PBXBuildFile; fileRef = 350964852A633049006DFFFB /* LayerSettingsView.swift */; };
		3514FA1C2A5E8AF200F9D57C /* KFKeyboard.swift in Sources */ = {isa = PBXBuildFile; fileRef = 3514FA1B2A5E8AF200F9D57C /* KFKeyboard.swift */; };
		35ABF4592A6018640026737B /* Keycap.swift in Sources */ = {isa = PBXBuildFile; fileRef = 35ABF4582A6018640026737B /* Keycap.swift */; };
		35B11A452A574F2B00C22C74 /* Preview Assets.xcassets in Resources */ = {isa = PBXBuildFile; fileRef = 35B11A442A574F2B00C22C74 /* Preview Assets.xcassets */; };
		35B11A542A574F7700C22C74 /* SettingsView.swift in Sources */ = {isa = PBXBuildFile; fileRef = 35B11A4C2A574F7600C22C74 /* SettingsView.swift */; };
		35B11A552A574F7700C22C74 /* KeyboardView.swift in Sources */ = {isa = PBXBuildFile; fileRef = 35B11A4D2A574F7600C22C74 /* KeyboardView.swift */; };
		35B11A562A574F7700C22C74 /* QMKInfo.swift in Sources */ = {isa = PBXBuildFile; fileRef = 35B11A4E2A574F7600C22C74 /* QMKInfo.swift */; };
		35B11A572A574F7700C22C74 /* Assets.xcassets in Resources */ = {isa = PBXBuildFile; fileRef = 35B11A4F2A574F7600C22C74 /* Assets.xcassets */; };
		35B11A582A574F7700C22C74 /* AppDelegate.swift in Sources */ = {isa = PBXBuildFile; fileRef = 35B11A502A574F7700C22C74 /* AppDelegate.swift */; };
		35B11A592A574F7700C22C74 /* KeyboardFriendApp.swift in Sources */ = {isa = PBXBuildFile; fileRef = 35B11A512A574F7700C22C74 /* KeyboardFriendApp.swift */; };
		35B11A5A2A574F7700C22C74 /* FloatingPanel.swift in Sources */ = {isa = PBXBuildFile; fileRef = 35B11A522A574F7700C22C74 /* FloatingPanel.swift */; };
		35B11A5B2A574F7700C22C74 /* QMKInfoService.swift in Sources */ = {isa = PBXBuildFile; fileRef = 35B11A532A574F7700C22C74 /* QMKInfoService.swift */; };
/* End PBXBuildFile section */

/* Begin PBXFileReference section */
		350964802A615B04006DFFFB /* Constants.swift */ = {isa = PBXFileReference; lastKnownFileType = sourcecode.swift; path = Constants.swift; sourceTree = "<group>"; };
		350964852A633049006DFFFB /* LayerSettingsView.swift */ = {isa = PBXFileReference; lastKnownFileType = sourcecode.swift; path = LayerSettingsView.swift; sourceTree = "<group>"; };
		350964892A6BC445006DFFFB /* KeyboardShortcuts */ = {isa = PBXFileReference; lastKnownFileType = wrapper; name = KeyboardShortcuts; path = ../KeyboardShortcuts; sourceTree = "<group>"; };
		3514FA1B2A5E8AF200F9D57C /* KFKeyboard.swift */ = {isa = PBXFileReference; lastKnownFileType = sourcecode.swift; path = KFKeyboard.swift; sourceTree = "<group>"; };
		35ABF4582A6018640026737B /* Keycap.swift */ = {isa = PBXFileReference; lastKnownFileType = sourcecode.swift; path = Keycap.swift; sourceTree = "<group>"; };
		35B11A3A2A574F2B00C22C74 /* KeyboardFriend.app */ = {isa = PBXFileReference; explicitFileType = wrapper.application; includeInIndex = 0; path = KeyboardFriend.app; sourceTree = BUILT_PRODUCTS_DIR; };
		35B11A442A574F2B00C22C74 /* Preview Assets.xcassets */ = {isa = PBXFileReference; lastKnownFileType = folder.assetcatalog; path = "Preview Assets.xcassets"; sourceTree = "<group>"; };
		35B11A462A574F2B00C22C74 /* KeyboardFriend.entitlements */ = {isa = PBXFileReference; lastKnownFileType = text.plist.entitlements; path = KeyboardFriend.entitlements; sourceTree = "<group>"; };
		35B11A4C2A574F7600C22C74 /* SettingsView.swift */ = {isa = PBXFileReference; fileEncoding = 4; lastKnownFileType = sourcecode.swift; path = SettingsView.swift; sourceTree = "<group>"; };
		35B11A4D2A574F7600C22C74 /* KeyboardView.swift */ = {isa = PBXFileReference; fileEncoding = 4; lastKnownFileType = sourcecode.swift; path = KeyboardView.swift; sourceTree = "<group>"; };
		35B11A4E2A574F7600C22C74 /* QMKInfo.swift */ = {isa = PBXFileReference; fileEncoding = 4; lastKnownFileType = sourcecode.swift; path = QMKInfo.swift; sourceTree = "<group>"; };
		35B11A4F2A574F7600C22C74 /* Assets.xcassets */ = {isa = PBXFileReference; lastKnownFileType = folder.assetcatalog; name = Assets.xcassets; path = ../Assets.xcassets; sourceTree = "<group>"; };
		35B11A502A574F7700C22C74 /* AppDelegate.swift */ = {isa = PBXFileReference; fileEncoding = 4; lastKnownFileType = sourcecode.swift; path = AppDelegate.swift; sourceTree = "<group>"; };
		35B11A512A574F7700C22C74 /* KeyboardFriendApp.swift */ = {isa = PBXFileReference; fileEncoding = 4; lastKnownFileType = sourcecode.swift; path = KeyboardFriendApp.swift; sourceTree = "<group>"; };
		35B11A522A574F7700C22C74 /* FloatingPanel.swift */ = {isa = PBXFileReference; fileEncoding = 4; lastKnownFileType = sourcecode.swift; path = FloatingPanel.swift; sourceTree = "<group>"; };
		35B11A532A574F7700C22C74 /* QMKInfoService.swift */ = {isa = PBXFileReference; fileEncoding = 4; lastKnownFileType = sourcecode.swift; path = QMKInfoService.swift; sourceTree = "<group>"; };
		35B11A5E2A583E5900C22C74 /* README.md */ = {isa = PBXFileReference; lastKnownFileType = net.daringfireball.markdown; path = README.md; sourceTree = "<group>"; };
/* End PBXFileReference section */

/* Begin PBXFrameworksBuildPhase section */
		35B11A372A574F2B00C22C74 /* Frameworks */ = {
			isa = PBXFrameworksBuildPhase;
			buildActionMask = 2147483647;
			files = (
			);
			runOnlyForDeploymentPostprocessing = 0;
		};
/* End PBXFrameworksBuildPhase section */

/* Begin PBXGroup section */
		350964872A6BC3EF006DFFFB /* Packages */ = {
			isa = PBXGroup;
			children = (
				350964892A6BC445006DFFFB /* KeyboardShortcuts */,
			);
			name = Packages;
			sourceTree = "<group>";
		};
		35B11A312A574F2B00C22C74 = {
			isa = PBXGroup;
			children = (
				350964872A6BC3EF006DFFFB /* Packages */,
				35B11A5E2A583E5900C22C74 /* README.md */,
				35B11A3C2A574F2B00C22C74 /* KeyboardFriend */,
				35B11A3B2A574F2B00C22C74 /* Products */,
			);
			sourceTree = "<group>";
		};
		35B11A3B2A574F2B00C22C74 /* Products */ = {
			isa = PBXGroup;
			children = (
				35B11A3A2A574F2B00C22C74 /* KeyboardFriend.app */,
			);
			name = Products;
			sourceTree = "<group>";
		};
		35B11A3C2A574F2B00C22C74 /* KeyboardFriend */ = {
			isa = PBXGroup;
			children = (
				35ABF4582A6018640026737B /* Keycap.swift */,
				3514FA1B2A5E8AF200F9D57C /* KFKeyboard.swift */,
				35B11A502A574F7700C22C74 /* AppDelegate.swift */,
				35B11A4F2A574F7600C22C74 /* Assets.xcassets */,
				35B11A522A574F7700C22C74 /* FloatingPanel.swift */,
				35B11A512A574F7700C22C74 /* KeyboardFriendApp.swift */,
				35B11A4D2A574F7600C22C74 /* KeyboardView.swift */,
				35B11A4E2A574F7600C22C74 /* QMKInfo.swift */,
				35B11A532A574F7700C22C74 /* QMKInfoService.swift */,
				35B11A4C2A574F7600C22C74 /* SettingsView.swift */,
				350964802A615B04006DFFFB /* Constants.swift */,
				35B11A462A574F2B00C22C74 /* KeyboardFriend.entitlements */,
				35B11A432A574F2B00C22C74 /* Preview Content */,
				350964852A633049006DFFFB /* LayerSettingsView.swift */,
			);
			path = KeyboardFriend;
			sourceTree = "<group>";
		};
		35B11A432A574F2B00C22C74 /* Preview Content */ = {
			isa = PBXGroup;
			children = (
				35B11A442A574F2B00C22C74 /* Preview Assets.xcassets */,
			);
			path = "Preview Content";
			sourceTree = "<group>";
		};
/* End PBXGroup section */

/* Begin PBXNativeTarget section */
		35B11A392A574F2B00C22C74 /* KeyboardFriend */ = {
			isa = PBXNativeTarget;
			buildConfigurationList = 35B11A492A574F2B00C22C74 /* Build configuration list for PBXNativeTarget "KeyboardFriend" */;
			buildPhases = (
				35B11A362A574F2B00C22C74 /* Sources */,
				35B11A372A574F2B00C22C74 /* Frameworks */,
				35B11A382A574F2B00C22C74 /* Resources */,
			);
			buildRules = (
			);
			dependencies = (
			);
			name = KeyboardFriend;
			packageProductDependencies = (
			);
			productName = KeyboardFriend;
			productReference = 35B11A3A2A574F2B00C22C74 /* KeyboardFriend.app */;
			productType = "com.apple.product-type.application";
		};
/* End PBXNativeTarget section */

/* Begin PBXProject section */
		35B11A322A574F2B00C22C74 /* Project object */ = {
			isa = PBXProject;
			attributes = {
				BuildIndependentTargetsInParallel = 1;
				LastSwiftUpdateCheck = 1430;
				LastUpgradeCheck = 1430;
				TargetAttributes = {
					35B11A392A574F2B00C22C74 = {
						CreatedOnToolsVersion = 14.3.1;
					};
				};
			};
			buildConfigurationList = 35B11A352A574F2B00C22C74 /* Build configuration list for PBXProject "KeyboardFriend" */;
			compatibilityVersion = "Xcode 14.0";
			developmentRegion = en;
			hasScannedForEncodings = 0;
			knownRegions = (
				en,
				Base,
			);
			mainGroup = 35B11A312A574F2B00C22C74;
			packageReferences = (
			);
			productRefGroup = 35B11A3B2A574F2B00C22C74 /* Products */;
			projectDirPath = "";
			projectRoot = "";
			targets = (
				35B11A392A574F2B00C22C74 /* KeyboardFriend */,
			);
		};
/* End PBXProject section */

/* Begin PBXResourcesBuildPhase section */
		35B11A382A574F2B00C22C74 /* Resources */ = {
			isa = PBXResourcesBuildPhase;
			buildActionMask = 2147483647;
			files = (
				35B11A452A574F2B00C22C74 /* Preview Assets.xcassets in Resources */,
				35B11A572A574F7700C22C74 /* Assets.xcassets in Resources */,
			);
			runOnlyForDeploymentPostprocessing = 0;
		};
/* End PBXResourcesBuildPhase section */

/* Begin PBXSourcesBuildPhase section */
		35B11A362A574F2B00C22C74 /* Sources */ = {
			isa = PBXSourcesBuildPhase;
			buildActionMask = 2147483647;
			files = (
				3514FA1C2A5E8AF200F9D57C /* KFKeyboard.swift in Sources */,
				350964812A615B04006DFFFB /* Constants.swift in Sources */,
				35B11A582A574F7700C22C74 /* AppDelegate.swift in Sources */,
				35B11A592A574F7700C22C74 /* KeyboardFriendApp.swift in Sources */,
				35B11A5A2A574F7700C22C74 /* FloatingPanel.swift in Sources */,
				35B11A542A574F7700C22C74 /* SettingsView.swift in Sources */,
				35ABF4592A6018640026737B /* Keycap.swift in Sources */,
				35B11A552A574F7700C22C74 /* KeyboardView.swift in Sources */,
				35B11A5B2A574F7700C22C74 /* QMKInfoService.swift in Sources */,
				350964862A633049006DFFFB /* LayerSettingsView.swift in Sources */,
				35B11A562A574F7700C22C74 /* QMKInfo.swift in Sources */,
			);
			runOnlyForDeploymentPostprocessing = 0;
		};
/* End PBXSourcesBuildPhase section */

/* Begin XCBuildConfiguration section */
		35B11A472A574F2B00C22C74 /* Debug */ = {
			isa = XCBuildConfiguration;
			buildSettings = {
				ALWAYS_SEARCH_USER_PATHS = NO;
				CLANG_ANALYZER_NONNULL = YES;
				CLANG_ANALYZER_NUMBER_OBJECT_CONVERSION = YES_AGGRESSIVE;
				CLANG_CXX_LANGUAGE_STANDARD = "gnu++20";
				CLANG_ENABLE_MODULES = YES;
				CLANG_ENABLE_OBJC_ARC = YES;
				CLANG_ENABLE_OBJC_WEAK = YES;
				CLANG_WARN_BLOCK_CAPTURE_AUTORELEASING = YES;
				CLANG_WARN_BOOL_CONVERSION = YES;
				CLANG_WARN_COMMA = YES;
				CLANG_WARN_CONSTANT_CONVERSION = YES;
				CLANG_WARN_DEPRECATED_OBJC_IMPLEMENTATIONS = YES;
				CLANG_WARN_DIRECT_OBJC_ISA_USAGE = YES_ERROR;
				CLANG_WARN_DOCUMENTATION_COMMENTS = YES;
				CLANG_WARN_EMPTY_BODY = YES;
				CLANG_WARN_ENUM_CONVERSION = YES;
				CLANG_WARN_INFINITE_RECURSION = YES;
				CLANG_WARN_INT_CONVERSION = YES;
				CLANG_WARN_NON_LITERAL_NULL_CONVERSION = YES;
				CLANG_WARN_OBJC_IMPLICIT_RETAIN_SELF = YES;
				CLANG_WARN_OBJC_LITERAL_CONVERSION = YES;
				CLANG_WARN_OBJC_ROOT_CLASS = YES_ERROR;
				CLANG_WARN_QUOTED_INCLUDE_IN_FRAMEWORK_HEADER = YES;
				CLANG_WARN_RANGE_LOOP_ANALYSIS = YES;
				CLANG_WARN_STRICT_PROTOTYPES = YES;
				CLANG_WARN_SUSPICIOUS_MOVE = YES;
				CLANG_WARN_UNGUARDED_AVAILABILITY = YES_AGGRESSIVE;
				CLANG_WARN_UNREACHABLE_CODE = YES;
				CLANG_WARN__DUPLICATE_METHOD_MATCH = YES;
				COPY_PHASE_STRIP = NO;
				DEBUG_INFORMATION_FORMAT = dwarf;
				ENABLE_STRICT_OBJC_MSGSEND = YES;
				ENABLE_TESTABILITY = YES;
				GCC_C_LANGUAGE_STANDARD = gnu11;
				GCC_DYNAMIC_NO_PIC = NO;
				GCC_NO_COMMON_BLOCKS = YES;
				GCC_OPTIMIZATION_LEVEL = 0;
				GCC_PREPROCESSOR_DEFINITIONS = (
					"DEBUG=1",
					"$(inherited)",
				);
				GCC_WARN_64_TO_32_BIT_CONVERSION = YES;
				GCC_WARN_ABOUT_RETURN_TYPE = YES_ERROR;
				GCC_WARN_UNDECLARED_SELECTOR = YES;
				GCC_WARN_UNINITIALIZED_AUTOS = YES_AGGRESSIVE;
				GCC_WARN_UNUSED_FUNCTION = YES;
				GCC_WARN_UNUSED_VARIABLE = YES;
				MACOSX_DEPLOYMENT_TARGET = 13.3;
				MTL_ENABLE_DEBUG_INFO = INCLUDE_SOURCE;
				MTL_FAST_MATH = YES;
				ONLY_ACTIVE_ARCH = YES;
				SDKROOT = macosx;
				SWIFT_ACTIVE_COMPILATION_CONDITIONS = DEBUG;
				SWIFT_OPTIMIZATION_LEVEL = "-Onone";
			};
			name = Debug;
		};
		35B11A482A574F2B00C22C74 /* Release */ = {
			isa = XCBuildConfiguration;
			buildSettings = {
				ALWAYS_SEARCH_USER_PATHS = NO;
				CLANG_ANALYZER_NONNULL = YES;
				CLANG_ANALYZER_NUMBER_OBJECT_CONVERSION = YES_AGGRESSIVE;
				CLANG_CXX_LANGUAGE_STANDARD = "gnu++20";
				CLANG_ENABLE_MODULES = YES;
				CLANG_ENABLE_OBJC_ARC = YES;
				CLANG_ENABLE_OBJC_WEAK = YES;
				CLANG_WARN_BLOCK_CAPTURE_AUTORELEASING = YES;
				CLANG_WARN_BOOL_CONVERSION = YES;
				CLANG_WARN_COMMA = YES;
				CLANG_WARN_CONSTANT_CONVERSION = YES;
				CLANG_WARN_DEPRECATED_OBJC_IMPLEMENTATIONS = YES;
				CLANG_WARN_DIRECT_OBJC_ISA_USAGE = YES_ERROR;
				CLANG_WARN_DOCUMENTATION_COMMENTS = YES;
				CLANG_WARN_EMPTY_BODY = YES;
				CLANG_WARN_ENUM_CONVERSION = YES;
				CLANG_WARN_INFINITE_RECURSION = YES;
				CLANG_WARN_INT_CONVERSION = YES;
				CLANG_WARN_NON_LITERAL_NULL_CONVERSION = YES;
				CLANG_WARN_OBJC_IMPLICIT_RETAIN_SELF = YES;
				CLANG_WARN_OBJC_LITERAL_CONVERSION = YES;
				CLANG_WARN_OBJC_ROOT_CLASS = YES_ERROR;
				CLANG_WARN_QUOTED_INCLUDE_IN_FRAMEWORK_HEADER = YES;
				CLANG_WARN_RANGE_LOOP_ANALYSIS = YES;
				CLANG_WARN_STRICT_PROTOTYPES = YES;
				CLANG_WARN_SUSPICIOUS_MOVE = YES;
				CLANG_WARN_UNGUARDED_AVAILABILITY = YES_AGGRESSIVE;
				CLANG_WARN_UNREACHABLE_CODE = YES;
				CLANG_WARN__DUPLICATE_METHOD_MATCH = YES;
				COPY_PHASE_STRIP = NO;
				DEBUG_INFORMATION_FORMAT = "dwarf-with-dsym";
				ENABLE_NS_ASSERTIONS = NO;
				ENABLE_STRICT_OBJC_MSGSEND = YES;
				GCC_C_LANGUAGE_STANDARD = gnu11;
				GCC_NO_COMMON_BLOCKS = YES;
				GCC_WARN_64_TO_32_BIT_CONVERSION = YES;
				GCC_WARN_ABOUT_RETURN_TYPE = YES_ERROR;
				GCC_WARN_UNDECLARED_SELECTOR = YES;
				GCC_WARN_UNINITIALIZED_AUTOS = YES_AGGRESSIVE;
				GCC_WARN_UNUSED_FUNCTION = YES;
				GCC_WARN_UNUSED_VARIABLE = YES;
				MACOSX_DEPLOYMENT_TARGET = 13.3;
				MTL_ENABLE_DEBUG_INFO = NO;
				MTL_FAST_MATH = YES;
				SDKROOT = macosx;
				SWIFT_COMPILATION_MODE = wholemodule;
				SWIFT_OPTIMIZATION_LEVEL = "-O";
			};
			name = Release;
		};
		35B11A4A2A574F2B00C22C74 /* Debug */ = {
			isa = XCBuildConfiguration;
			buildSettings = {
				ASSETCATALOG_COMPILER_APPICON_NAME = AppIconPurpleNew;
				ASSETCATALOG_COMPILER_GLOBAL_ACCENT_COLOR_NAME = AccentColor;
				CODE_SIGN_ENTITLEMENTS = KeyboardFriend/KeyboardFriend.entitlements;
				CODE_SIGN_STYLE = Automatic;
				COMBINE_HIDPI_IMAGES = YES;
				CURRENT_PROJECT_VERSION = 1;
				DEVELOPMENT_ASSET_PATHS = "\"KeyboardFriend/Preview Content\"";
				DEVELOPMENT_TEAM = CXM9GKL4GU;
				ENABLE_HARDENED_RUNTIME = NO;
				ENABLE_PREVIEWS = YES;
				GENERATE_INFOPLIST_FILE = YES;
				INFOPLIST_KEY_NSHumanReadableCopyright = "";
				LD_RUNPATH_SEARCH_PATHS = (
					"$(inherited)",
					"@executable_path/../Frameworks",
				);
				MARKETING_VERSION = 1.0;
				PRODUCT_BUNDLE_IDENTIFIER = fred.KeyboardFriend;
				PRODUCT_NAME = "$(TARGET_NAME)";
				SWIFT_EMIT_LOC_STRINGS = YES;
				SWIFT_VERSION = 5.0;
			};
			name = Debug;
		};
		35B11A4B2A574F2B00C22C74 /* Release */ = {
			isa = XCBuildConfiguration;
			buildSettings = {
				ASSETCATALOG_COMPILER_APPICON_NAME = AppIconPurpleNew;
				ASSETCATALOG_COMPILER_GLOBAL_ACCENT_COLOR_NAME = AccentColor;
				CODE_SIGN_ENTITLEMENTS = KeyboardFriend/KeyboardFriend.entitlements;
				CODE_SIGN_STYLE = Automatic;
				COMBINE_HIDPI_IMAGES = YES;
				CURRENT_PROJECT_VERSION = 1;
				DEVELOPMENT_ASSET_PATHS = "\"KeyboardFriend/Preview Content\"";
				DEVELOPMENT_TEAM = CXM9GKL4GU;
				ENABLE_HARDENED_RUNTIME = NO;
				ENABLE_PREVIEWS = YES;
				GENERATE_INFOPLIST_FILE = YES;
				INFOPLIST_KEY_NSHumanReadableCopyright = "";
				LD_RUNPATH_SEARCH_PATHS = (
					"$(inherited)",
					"@executable_path/../Frameworks",
				);
				MARKETING_VERSION = 1.0;
				PRODUCT_BUNDLE_IDENTIFIER = fred.KeyboardFriend;
				PRODUCT_NAME = "$(TARGET_NAME)";
				SWIFT_EMIT_LOC_STRINGS = YES;
				SWIFT_VERSION = 5.0;
			};
			name = Release;
		};
/* End XCBuildConfiguration section */

/* Begin XCConfigurationList section */
		35B11A352A574F2B00C22C74 /* Build configuration list for PBXProject "KeyboardFriend" */ = {
			isa = XCConfigurationList;
			buildConfigurations = (
				35B11A472A574F2B00C22C74 /* Debug */,
				35B11A482A574F2B00C22C74 /* Release */,
			);
			defaultConfigurationIsVisible = 0;
			defaultConfigurationName = Release;
		};
		35B11A492A574F2B00C22C74 /* Build configuration list for PBXNativeTarget "KeyboardFriend" */ = {
			isa = XCConfigurationList;
			buildConfigurations = (
				35B11A4A2A574F2B00C22C74 /* Debug */,
				35B11A4B2A574F2B00C22C74 /* Release */,
			);
			defaultConfigurationIsVisible = 0;
			defaultConfigurationName = Release;
		};
/* End XCConfigurationList section */
	};
	rootObject = 35B11A322A574F2B00C22C74 /* Project object */;
}
