{
  "pins" : [
    {
      "identity" : "keyboardshortcuts",
      "kind" : "remoteSourceControl",
      "location" : "https://github.com/sindresorhus/KeyboardShortcuts",
      "state" : {
        "revision" : "de5b143889b9aa90a997b18e311527095dfb28e0",
        "version" : "1.12.0"
      }
    },
    {
      "identity" : "shortcutrecorder",
      "kind" : "remoteSourceControl",
      "location" : "https://github.com/Kentzo/ShortcutRecorder",
      "state" : {
        "revision" : "c86ce0f9be5353ba998966121c7631602a9a36f7",
        "version" : "3.4.0"
      }
    }
  ],
  "version" : 2
}
